
Microsoft Visual Studio Solution File, Format Version 12.00
# Visual Studio 15
VisualStudioVersion = 15.0.28307.852
MinimumVisualStudioVersion = 10.0.40219.1
Project("{FAE04EC0-301F-11D3-BF4B-00C04F79EFBC}") = "FDD.Test", "FDD.Test\FDD.Test.csproj", "{054DDB00-8640-48DE-9E6A-ACCBCFF246C2}"
EndProject
Project("{FAE04EC0-301F-11D3-BF4B-00C04F79EFBC}") = "FDD.OpenAPI", "FDD.OpenAPI\FDD.OpenAPI.csproj", "{7C967484-28D1-42F2-B288-35FC3D63313C}"
EndProject
Global
	GlobalSection(SolutionConfigurationPlatforms) = preSolution
		Debug|Any CPU = Debug|Any CPU
		Release|Any CPU = Release|Any CPU
	EndGlobalSection
	GlobalSection(ProjectConfigurationPlatforms) = postSolution
		{054DDB00-8640-48DE-9E6A-ACCBCFF246C2}.Debug|Any CPU.ActiveCfg = Debug|Any CPU
		{054DDB00-8640-48DE-9E6A-ACCBCFF246C2}.Debug|Any CPU.Build.0 = Debug|Any CPU
		{054DDB00-8640-48DE-9E6A-ACCBCFF246C2}.Release|Any CPU.ActiveCfg = Release|Any CPU
		{054DDB00-8640-48DE-9E6A-ACCBCFF246C2}.Release|Any CPU.Build.0 = Release|Any CPU
		{7C967484-28D1-42F2-B288-35FC3D63313C}.Debug|Any CPU.ActiveCfg = Debug|Any CPU
		{7C967484-28D1-42F2-B288-35FC3D63313C}.Debug|Any CPU.Build.0 = Debug|Any CPU
		{7C967484-28D1-42F2-B288-35FC3D63313C}.Release|Any CPU.ActiveCfg = Release|Any CPU
		{7C967484-28D1-42F2-B288-35FC3D63313C}.Release|Any CPU.Build.0 = Release|Any CPU
	EndGlobalSection
	GlobalSection(SolutionProperties) = preSolution
		HideSolutionNode = FALSE
	EndGlobalSection
	GlobalSection(ExtensibilityGlobals) = postSolution
		SolutionGuid = {D16F1018-BB8D-4ACB-A6A7-CD70981CCC60}
	EndGlobalSection
EndGlobal
